
Microsoft Visual Studio Solution File, Format Version 12.00
# Visual Studio Version 16
VisualStudioVersion = 16.0.28917.182
MinimumVisualStudioVersion = 10.0.40219.1
Project("{FAE04EC0-301F-11D3-BF4B-00C04F79EFBC}") = "BlazorServerDeadlock", "BlazorServerDeadlock\BlazorServerDeadlock.csproj", "{2472609E-CFBB-4352-8E5F-26B9505F0AF1}"
EndProject
Global
	GlobalSection(SolutionConfigurationPlatforms) = preSolution
		Debug|Any CPU = Debug|Any CPU
		Release|Any CPU = Release|Any CPU
	EndGlobalSection
	GlobalSection(ProjectConfigurationPlatforms) = postSolution
		{2472609E-CFBB-4352-8E5F-26B9505F0AF1}.Debug|Any CPU.ActiveCfg = Debug|Any CPU
		{2472609E-CFBB-4352-8E5F-26B9505F0AF1}.Debug|Any CPU.Build.0 = Debug|Any CPU
		{2472609E-CFBB-4352-8E5F-26B9505F0AF1}.Release|Any CPU.ActiveCfg = Release|Any CPU
		{2472609E-CFBB-4352-8E5F-26B9505F0AF1}.Release|Any CPU.Build.0 = Release|Any CPU
	EndGlobalSection
	GlobalSection(SolutionProperties) = preSolution
		HideSolutionNode = FALSE
	EndGlobalSection
	GlobalSection(ExtensibilityGlobals) = postSolution
		SolutionGuid = {23D8867A-7BFE-4354-A9EB-AA8E0810C30E}
	EndGlobalSection
EndGlobal
